
Microsoft Visual Studio Solution File, Format Version 12.00
# Visual Studio 14
VisualStudioVersion = 14.0.23107.0
MinimumVisualStudioVersion = 10.0.40219.1
Project("{D2ABAB84-BF74-430A-B69E-9DC6D40DDA17}") = "CuboAgrisol", "CuboAgrisol\CuboAgrisol.dwproj", "{6C15FB82-F15B-4E24-B35D-D3369DD5C4A3}"
EndProject
Global
	GlobalSection(SolutionConfigurationPlatforms) = preSolution
		Development|Default = Development|Default
	EndGlobalSection
	GlobalSection(ProjectConfigurationPlatforms) = postSolution
		{6C15FB82-F15B-4E24-B35D-D3369DD5C4A3}.Development|Default.ActiveCfg = Development
		{6C15FB82-F15B-4E24-B35D-D3369DD5C4A3}.Development|Default.Build.0 = Development
		{6C15FB82-F15B-4E24-B35D-D3369DD5C4A3}.Development|Default.Deploy.0 = Development
	EndGlobalSection
	GlobalSection(SolutionProperties) = preSolution
		HideSolutionNode = FALSE
	EndGlobalSection
EndGlobal
